
Microsoft Visual Studio Solution File, Format Version 12.00
Project("{FAE04EC0-301F-11D3-BF4B-00C04F79EFBC}") = "Password Management", "Password Management.csproj", "{C6294810-6FB2-472B-918C-FAC24E570EDB}"
EndProject
Global
	GlobalSection(SolutionConfigurationPlatforms) = preSolution
		Debug|Any CPU = Debug|Any CPU
		Release|Any CPU = Release|Any CPU
	EndGlobalSection
	GlobalSection(ProjectConfigurationPlatforms) = postSolution
		{C6294810-6FB2-472B-918C-FAC24E570EDB}.Debug|Any CPU.ActiveCfg = Debug|Any CPU
		{C6294810-6FB2-472B-918C-FAC24E570EDB}.Debug|Any CPU.Build.0 = Debug|Any CPU
		{C6294810-6FB2-472B-918C-FAC24E570EDB}.Release|Any CPU.ActiveCfg = Release|Any CPU
		{C6294810-6FB2-472B-918C-FAC24E570EDB}.Release|Any CPU.Build.0 = Release|Any CPU
	EndGlobalSection
EndGlobal
